Microsoft Visual Studio Solution File, Format Version 12.00
# Visual Studio Version 16
VisualStudioVersion = 16.0.28803.352
MinimumVisualStudioVersion = 10.0.40219.1
Project("{9A19103F-16F7-4668-BE54-9A1E7A4F7556}") = "CoreBot", "src\CoreBot\CoreBot.csproj", "{0793F52D-82C5-4C6E-967B-606676CF8B17}"
EndProject
Project("{9A19103F-16F7-4668-BE54-9A1E7A4F7556}") = "UnitTestProject", "src\UnitTest\UnitTestProject.csproj", "{09D27442-E266-4FFF-80AE-0C7FA3FA06A9}"
EndProject
Project("{FAE04EC0-301F-11D3-BF4B-00C04F79EFBC}") = "ScenarioBot", "src\ScenarioBot\ScenarioBot.csproj", "{605EB798-1576-4EAD-92E8-013AFB43840F}"
EndProject
Project("{FAE04EC0-301F-11D3-BF4B-00C04F79EFBC}") = "Core", "src\Core\Core.csproj", "{E3BA2610-EAE3-4417-8BC7-3E133AF0CEE7}"
EndProject
Global
	GlobalSection(SolutionConfigurationPlatforms) = preSolution
		Debug|Any CPU = Debug|Any CPU
		Release|Any CPU = Release|Any CPU
	EndGlobalSection
	GlobalSection(ProjectConfigurationPlatforms) = postSolution
		{0793F52D-82C5-4C6E-967B-606676CF8B17}.Debug|Any CPU.ActiveCfg = Debug|Any CPU
		{0793F52D-82C5-4C6E-967B-606676CF8B17}.Debug|Any CPU.Build.0 = Debug|Any CPU
		{0793F52D-82C5-4C6E-967B-606676CF8B17}.Release|Any CPU.ActiveCfg = Release|Any CPU
		{0793F52D-82C5-4C6E-967B-606676CF8B17}.Release|Any CPU.Build.0 = Release|Any CPU
		{09D27442-E266-4FFF-80AE-0C7FA3FA06A9}.Debug|Any CPU.ActiveCfg = Debug|Any CPU
		{09D27442-E266-4FFF-80AE-0C7FA3FA06A9}.Debug|Any CPU.Build.0 = Debug|Any CPU
		{09D27442-E266-4FFF-80AE-0C7FA3FA06A9}.Release|Any CPU.ActiveCfg = Release|Any CPU
		{09D27442-E266-4FFF-80AE-0C7FA3FA06A9}.Release|Any CPU.Build.0 = Release|Any CPU
		{605EB798-1576-4EAD-92E8-013AFB43840F}.Debug|Any CPU.ActiveCfg = Debug|Any CPU
		{605EB798-1576-4EAD-92E8-013AFB43840F}.Debug|Any CPU.Build.0 = Debug|Any CPU
		{605EB798-1576-4EAD-92E8-013AFB43840F}.Release|Any CPU.ActiveCfg = Release|Any CPU
		{605EB798-1576-4EAD-92E8-013AFB43840F}.Release|Any CPU.Build.0 = Release|Any CPU
		{E3BA2610-EAE3-4417-8BC7-3E133AF0CEE7}.Debug|Any CPU.ActiveCfg = Debug|Any CPU
		{E3BA2610-EAE3-4417-8BC7-3E133AF0CEE7}.Debug|Any CPU.Build.0 = Debug|Any CPU
		{E3BA2610-EAE3-4417-8BC7-3E133AF0CEE7}.Release|Any CPU.ActiveCfg = Release|Any CPU
		{E3BA2610-EAE3-4417-8BC7-3E133AF0CEE7}.Release|Any CPU.Build.0 = Release|Any CPU
	EndGlobalSection
	GlobalSection(SolutionProperties) = preSolution
		HideSolutionNode = FALSE
	EndGlobalSection
	GlobalSection(ExtensibilityGlobals) = postSolution
		SolutionGuid = {6048CA87-FB18-4F6E-BD46-2D59A57DD456}
	EndGlobalSection
EndGlobal
